
Microsoft Visual Studio Solution File, Format Version 12.00
# Visual Studio 15
VisualStudioVersion = 15.0.27130.2026
MinimumVisualStudioVersion = 10.0.40219.1
Project("{FAE04EC0-301F-11D3-BF4B-00C04F79EFBC}") = "RegistrationPage", "RegistrationPage\RegistrationPage.csproj", "{47822C5C-C5FE-4874-8DAC-5B9C1BBE112C}"
EndProject
Global
	GlobalSection(SolutionConfigurationPlatforms) = preSolution
		Debug|Any CPU = Debug|Any CPU
		Release|Any CPU = Release|Any CPU
	EndGlobalSection
	GlobalSection(ProjectConfigurationPlatforms) = postSolution
		{47822C5C-C5FE-4874-8DAC-5B9C1BBE112C}.Debug|Any CPU.ActiveCfg = Debug|Any CPU
		{47822C5C-C5FE-4874-8DAC-5B9C1BBE112C}.Debug|Any CPU.Build.0 = Debug|Any CPU
		{47822C5C-C5FE-4874-8DAC-5B9C1BBE112C}.Release|Any CPU.ActiveCfg = Release|Any CPU
		{47822C5C-C5FE-4874-8DAC-5B9C1BBE112C}.Release|Any CPU.Build.0 = Release|Any CPU
	EndGlobalSection
	GlobalSection(SolutionProperties) = preSolution
		HideSolutionNode = FALSE
	EndGlobalSection
	GlobalSection(ExtensibilityGlobals) = postSolution
		SolutionGuid = {25C8230C-62E3-4E03-9069-FF0E1D058287}
	EndGlobalSection
EndGlobal
